{
  "format_version": "1.0",
  "terraform_version": "1.1.8",
  "planned_values": {
    "root_module": {
      "resources": [
        {
          "address": "aws_s3_bucket.destination",
          "mode": "managed",
          "type": "aws_s3_bucket",
          "name": "destination",
          "provider_name": "registry.terraform.io/hashicorp/aws",
          "schema_version": 0,
          "values": {
            "acceleration_status": "",
            "acl": "private",
            "arn": "arn:aws:s3:::tfedit-destination",
            "bucket": "tfedit-destination",
            "bucket_domain_name": "tfedit-destination.s3.amazonaws.com",
            "bucket_prefix": null,
            "bucket_regional_domain_name": "tfedit-destination.s3.ap-northeast-1.amazonaws.com",
            "cors_rule": [],
            "force_destroy": false,
            "grant": [
              {
                "id": "75aa57f09aa0c8caeab4f8c24e99d10f8e7faeebf76c078efc7c6caea54ba06a",
                "permissions": [
                  "FULL_CONTROL"
                ],
                "type": "CanonicalUser",
                "uri": ""
              }
            ],
            "hosted_zone_id": "Z2M4EHUR26P7ZW",
            "id": "tfedit-destination",
            "lifecycle_rule": [],
            "logging": [],
            "object_lock_configuration": [],
            "object_lock_enabled": false,
            "policy": "",
            "region": "ap-northeast-1",
            "replication_configuration": [],
            "request_payer": "BucketOwner",
            "server_side_encryption_configuration": [],
            "tags": {},
            "tags_all": {},
            "versioning": [
              {
                "enabled": false,
                "mfa_delete": false
              }
            ],
            "website": [],
            "website_domain": null,
            "website_endpoint": null
          },
          "sensitive_values": {
            "cors_rule": [],
            "grant": [
              {
                "permissions": [
                  false
                ]
              }
            ],
            "lifecycle_rule": [],
            "logging": [],
            "object_lock_configuration": [],
            "replication_configuration": [],
            "server_side_encryption_configuration": [],
            "tags": {},
            "tags_all": {},
            "versioning": [
              {}
            ],
            "website": []
          }
        },
        {
          "address": "aws_s3_bucket.example",
          "mode": "managed",
          "type": "aws_s3_bucket",
          "name": "example",
          "provider_name": "registry.terraform.io/hashicorp/aws",
          "schema_version": 0,
          "values": {
            "acceleration_status": "Enabled",
            "acl": "private",
            "arn": "arn:aws:s3:::tfedit-test",
            "bucket": "tfedit-test",
            "bucket_domain_name": "tfedit-test.s3.amazonaws.com",
            "bucket_prefix": null,
            "bucket_regional_domain_name": "tfedit-test.s3.ap-northeast-1.amazonaws.com",
            "cors_rule": [
              {
                "allowed_headers": [
                  "*"
                ],
                "allowed_methods": [
                  "PUT",
                  "POST"
                ],
                "allowed_origins": [
                  "https://s3-website-test.hashicorp.com"
                ],
                "expose_headers": [
                  "ETag"
                ],
                "max_age_seconds": 3000
              }
            ],
            "force_destroy": false,
            "grant": [
              {
                "id": "75aa57f09aa0c8caeab4f8c24e99d10f8e7faeebf76c078efc7c6caea54ba06a",
                "permissions": [
                  "FULL_CONTROL"
                ],
                "type": "CanonicalUser",
                "uri": ""
              }
            ],
            "hosted_zone_id": "Z2M4EHUR26P7ZW",
            "id": "tfedit-test",
            "lifecycle_rule": [
              {
                "abort_incomplete_multipart_upload_days": 0,
                "enabled": true,
                "expiration": [],
                "id": "Keep previous version 30 days, then in Glacier another 60",
                "noncurrent_version_expiration": [
                  {
                    "days": 90
                  }
                ],
                "noncurrent_version_transition": [
                  {
                    "days": 30,
                    "storage_class": "GLACIER"
                  }
                ],
                "prefix": "",
                "tags": {},
                "transition": []
              },
              {
                "abort_incomplete_multipart_upload_days": 7,
                "enabled": true,
                "expiration": [],
                "id": "Delete old incomplete multi-part uploads",
                "noncurrent_version_expiration": [],
                "noncurrent_version_transition": [],
                "prefix": "",
                "tags": {},
                "transition": []
              }
            ],
            "logging": [
              {
                "target_bucket": "tfedit-log",
                "target_prefix": "log/"
              }
            ],
            "object_lock_configuration": [
              {
                "object_lock_enabled": "Enabled",
                "rule": [
                  {
                    "default_retention": [
                      {
                        "days": 3,
                        "mode": "COMPLIANCE",
                        "years": 0
                      }
                    ]
                  }
                ]
              }
            ],
            "object_lock_enabled": true,
            "policy": "{\"Id\":\"Policy1446577137248\",\"Statement\":[{\"Action\":\"s3:PutObject\",\"Effect\":\"Allow\",\"Principal\":{\"AWS\":\"arn:aws:iam::123456789012:root\"},\"Resource\":\"arn:aws:s3:::example/*\",\"Sid\":\"Stmt1446575236270\"}],\"Version\":\"2012-10-17\"}",
            "region": "ap-northeast-1",
            "replication_configuration": [
              {
                "role": "arn:aws:iam::123456789012:role/tfedit-role",
                "rules": [
                  {
                    "delete_marker_replication_status": "Enabled",
                    "destination": [
                      {
                        "access_control_translation": [],
                        "account_id": "",
                        "bucket": "arn:aws:s3:::tfedit-destination",
                        "metrics": [
                          {
                            "minutes": 15,
                            "status": "Enabled"
                          }
                        ],
                        "replica_kms_key_id": "",
                        "replication_time": [
                          {
                            "minutes": 15,
                            "status": "Enabled"
                          }
                        ],
                        "storage_class": "STANDARD"
                      }
                    ],
                    "filter": [
                      {
                        "prefix": "",
                        "tags": {}
                      }
                    ],
                    "id": "foobar",
                    "prefix": "",
                    "priority": 0,
                    "source_selection_criteria": [],
                    "status": "Enabled"
                  }
                ]
              }
            ],
            "request_payer": "Requester",
            "server_side_encryption_configuration": [
              {
                "rule": [
                  {
                    "apply_server_side_encryption_by_default": [
                      {
                        "kms_master_key_id": "aws/s3",
                        "sse_algorithm": "aws:kms"
                      }
                    ],
                    "bucket_key_enabled": false
                  }
                ]
              }
            ],
            "tags": {},
            "tags_all": {},
            "versioning": [
              {
                "enabled": true,
                "mfa_delete": false
              }
            ],
            "website": [
              {
                "error_document": "error.html",
                "index_document": "index.html",
                "redirect_all_requests_to": "",
                "routing_rules": ""
              }
            ],
            "website_domain": "s3-website-ap-northeast-1.amazonaws.com",
            "website_endpoint": "tfedit-test.s3-website-ap-northeast-1.amazonaws.com"
          },
          "sensitive_values": {
            "cors_rule": [
              {
                "allowed_headers": [
                  false
                ],
                "allowed_methods": [
                  false,
                  false
                ],
                "allowed_origins": [
                  false
                ],
                "expose_headers": [
                  false
                ]
              }
            ],
            "grant": [
              {
                "permissions": [
                  false
                ]
              }
            ],
            "lifecycle_rule": [
              {
                "expiration": [],
                "noncurrent_version_expiration": [
                  {}
                ],
                "noncurrent_version_transition": [
                  {}
                ],
                "tags": {},
                "transition": []
              },
              {
                "expiration": [],
                "noncurrent_version_expiration": [],
                "noncurrent_version_transition": [],
                "tags": {},
                "transition": []
              }
            ],
            "logging": [
              {}
            ],
            "object_lock_configuration": [
              {
                "rule": [
                  {
                    "default_retention": [
                      {}
                    ]
                  }
                ]
              }
            ],
            "replication_configuration": [
              {
                "rules": [
                  {
                    "destination": [
                      {
                        "access_control_translation": [],
                        "metrics": [
                          {}
                        ],
                        "replication_time": [
                          {}
                        ]
                      }
                    ],
                    "filter": [
                      {
                        "tags": {}
                      }
                    ],
                    "source_selection_criteria": []
                  }
                ]
              }
            ],
            "server_side_encryption_configuration": [
              {
                "rule": [
                  {
                    "apply_server_side_encryption_by_default": [
                      {}
                    ]
                  }
                ]
              }
            ],
            "tags": {},
            "tags_all": {},
            "versioning": [
              {}
            ],
            "website": [
              {}
            ]
          }
        },
        {
          "address": "aws_s3_bucket.log",
          "mode": "managed",
          "type": "aws_s3_bucket",
          "name": "log",
          "provider_name": "registry.terraform.io/hashicorp/aws",
          "schema_version": 0,
          "values": {
            "acceleration_status": "",
            "acl": "log-delivery-write",
            "arn": "arn:aws:s3:::tfedit-log",
            "bucket": "tfedit-log",
            "bucket_domain_name": "tfedit-log.s3.amazonaws.com",
            "bucket_prefix": null,
            "bucket_regional_domain_name": "tfedit-log.s3.ap-northeast-1.amazonaws.com",
            "cors_rule": [],
            "force_destroy": false,
            "grant": [
              {
                "id": "",
                "permissions": [
                  "WRITE"
                ],
                "type": "Group",
                "uri": "http://acs.amazonaws.com/groups/s3/LogDelivery"
              },
              {
                "id": "75aa57f09aa0c8caeab4f8c24e99d10f8e7faeebf76c078efc7c6caea54ba06a",
                "permissions": [
                  "FULL_CONTROL"
                ],
                "type": "CanonicalUser",
                "uri": ""
              }
            ],
            "hosted_zone_id": "Z2M4EHUR26P7ZW",
            "id": "tfedit-log",
            "lifecycle_rule": [],
            "logging": [],
            "object_lock_configuration": [],
            "object_lock_enabled": false,
            "policy": "",
            "region": "ap-northeast-1",
            "replication_configuration": [],
            "request_payer": "BucketOwner",
            "server_side_encryption_configuration": [],
            "tags": {},
            "tags_all": {},
            "versioning": [
              {
                "enabled": false,
                "mfa_delete": false
              }
            ],
            "website": [],
            "website_domain": null,
            "website_endpoint": null
          },
          "sensitive_values": {
            "cors_rule": [],
            "grant": [
              {
                "permissions": [
                  false
                ]
              },
              {
                "permissions": [
                  false
                ]
              }
            ],
            "lifecycle_rule": [],
            "logging": [],
            "object_lock_configuration": [],
            "replication_configuration": [],
            "server_side_encryption_configuration": [],
            "tags": {},
            "tags_all": {},
            "versioning": [
              {}
            ],
            "website": []
          }
        },
        {
          "address": "aws_s3_bucket_accelerate_configuration.example",
          "mode": "managed",
          "type": "aws_s3_bucket_accelerate_configuration",
          "name": "example",
          "provider_name": "registry.terraform.io/hashicorp/aws",
          "schema_version": 0,
          "values": {
            "bucket": "tfedit-test",
            "expected_bucket_owner": null,
            "status": "Enabled"
          },
          "sensitive_values": {}
        },
        {
          "address": "aws_s3_bucket_acl.example",
          "mode": "managed",
          "type": "aws_s3_bucket_acl",
          "name": "example",
          "provider_name": "registry.terraform.io/hashicorp/aws",
          "schema_version": 0,
          "values": {
            "acl": "private",
            "bucket": "tfedit-test",
            "expected_bucket_owner": null
          },
          "sensitive_values": {
            "access_control_policy": []
          }
        },
        {
          "address": "aws_s3_bucket_acl.log",
          "mode": "managed",
          "type": "aws_s3_bucket_acl",
          "name": "log",
          "provider_name": "registry.terraform.io/hashicorp/aws",
          "schema_version": 0,
          "values": {
            "acl": "log-delivery-write",
            "bucket": "tfedit-log",
            "expected_bucket_owner": null
          },
          "sensitive_values": {
            "access_control_policy": []
          }
        },
        {
          "address": "aws_s3_bucket_cors_configuration.example",
          "mode": "managed",
          "type": "aws_s3_bucket_cors_configuration",
          "name": "example",
          "provider_name": "registry.terraform.io/hashicorp/aws",
          "schema_version": 0,
          "values": {
            "bucket": "tfedit-test",
            "cors_rule": [
              {
                "allowed_headers": [
                  "*"
                ],
                "allowed_methods": [
                  "POST",
                  "PUT"
                ],
                "allowed_origins": [
                  "https://s3-website-test.hashicorp.com"
                ],
                "expose_headers": [
                  "ETag"
                ],
                "id": "",
                "max_age_seconds": 3000
              }
            ],
            "expected_bucket_owner": null
          },
          "sensitive_values": {
            "cors_rule": [
              {
                "allowed_headers": [
                  false
                ],
                "allowed_methods": [
                  false,
                  false
                ],
                "allowed_origins": [
                  false
                ],
                "expose_headers": [
                  false
                ]
              }
            ]
          }
        },
        {
          "address": "aws_s3_bucket_lifecycle_configuration.example",
          "mode": "managed",
          "type": "aws_s3_bucket_lifecycle_configuration",
          "name": "example",
          "provider_name": "registry.terraform.io/hashicorp/aws",
          "schema_version": 0,
          "values": {
            "bucket": "tfedit-test",
            "expected_bucket_owner": null,
            "rule": [
              {
                "abort_incomplete_multipart_upload": [],
                "expiration": [],
                "filter": [
                  {
                    "and": [],
                    "object_size_greater_than": null,
                    "object_size_less_than": null,
                    "prefix": "",
                    "tag": []
                  }
                ],
                "id": "Keep previous version 30 days, then in Glacier another 60",
                "noncurrent_version_expiration": [
                  {
                    "newer_noncurrent_versions": null,
                    "noncurrent_days": 90
                  }
                ],
                "noncurrent_version_transition": [
                  {
                    "newer_noncurrent_versions": "",
                    "noncurrent_days": 30,
                    "storage_class": "GLACIER"
                  }
                ],
                "prefix": null,
                "status": "Enabled",
                "transition": []
              },
              {
                "abort_incomplete_multipart_upload": [
                  {
                    "days_after_initiation": 7
                  }
                ],
                "expiration": [],
                "filter": [
                  {
                    "and": [],
                    "object_size_greater_than": null,
                    "object_size_less_than": null,
                    "prefix": "",
                    "tag": []
                  }
                ],
                "id": "Delete old incomplete multi-part uploads",
                "noncurrent_version_expiration": [],
                "noncurrent_version_transition": [],
                "prefix": null,
                "status": "Enabled",
                "transition": []
              }
            ]
          },
          "sensitive_values": {
            "rule": [
              {
                "abort_incomplete_multipart_upload": [],
                "expiration": [],
                "filter": [
                  {
                    "and": [],
                    "tag": []
                  }
                ],
                "noncurrent_version_expiration": [
                  {}
                ],
                "noncurrent_version_transition": [
                  {}
                ],
                "transition": []
              },
              {
                "abort_incomplete_multipart_upload": [
                  {}
                ],
                "expiration": [],
                "filter": [
                  {
                    "and": [],
                    "tag": []
                  }
                ],
                "noncurrent_version_expiration": [],
                "noncurrent_version_transition": [],
                "transition": []
              }
            ]
          }
        },
        {
          "address": "aws_s3_bucket_logging.example",
          "mode": "managed",
          "type": "aws_s3_bucket_logging",
          "name": "example",
          "provider_name": "registry.terraform.io/hashicorp/aws",
          "schema_version": 0,
          "values": {
            "bucket": "tfedit-test",
            "expected_bucket_owner": null,
            "target_bucket": "tfedit-log",
            "target_grant": [],
            "target_prefix": "log/"
          },
          "sensitive_values": {
            "target_grant": []
          }
        },
        {
          "address": "aws_s3_bucket_object_lock_configuration.example",
          "mode": "managed",
          "type": "aws_s3_bucket_object_lock_configuration",
          "name": "example",
          "provider_name": "registry.terraform.io/hashicorp/aws",
          "schema_version": 0,
          "values": {
            "bucket": "tfedit-test",
            "expected_bucket_owner": null,
            "object_lock_enabled": "Enabled",
            "rule": [
              {
                "default_retention": [
                  {
                    "days": 3,
                    "mode": "COMPLIANCE",
                    "years": null
                  }
                ]
              }
            ],
            "token": null
          },
          "sensitive_values": {
            "rule": [
              {
                "default_retention": [
                  {}
                ]
              }
            ]
          }
        },
        {
          "address": "aws_s3_bucket_policy.example",
          "mode": "managed",
          "type": "aws_s3_bucket_policy",
          "name": "example",
          "provider_name": "registry.terraform.io/hashicorp/aws",
          "schema_version": 0,
          "values": {
            "bucket": "tfedit-test",
            "policy": "{\n  \"Id\": \"Policy1446577137248\",\n  \"Statement\": [\n    {\n      \"Action\": \"s3:PutObject\",\n      \"Effect\": \"Allow\",\n      \"Principal\": {\n        \"AWS\": \"arn:aws:iam::123456789012:root\"\n      },\n      \"Resource\": \"arn:aws:s3:::example/*\",\n      \"Sid\": \"Stmt1446575236270\"\n    }\n  ],\n  \"Version\": \"2012-10-17\"\n}\n"
          },
          "sensitive_values": {}
        },
        {
          "address": "aws_s3_bucket_replication_configuration.example",
          "mode": "managed",
          "type": "aws_s3_bucket_replication_configuration",
          "name": "example",
          "provider_name": "registry.terraform.io/hashicorp/aws",
          "schema_version": 0,
          "values": {
            "bucket": "tfedit-test",
            "role": "arn:aws:iam::123456789012:role/tfedit-role",
            "rule": [
              {
                "delete_marker_replication": [
                  {
                    "status": "Enabled"
                  }
                ],
                "destination": [
                  {
                    "access_control_translation": [],
                    "account": null,
                    "bucket": "arn:aws:s3:::tfedit-destination",
                    "encryption_configuration": [],
                    "metrics": [
                      {
                        "event_threshold": [
                          {
                            "minutes": 15
                          }
                        ],
                        "status": "Enabled"
                      }
                    ],
                    "replication_time": [
                      {
                        "status": "Enabled",
                        "time": [
                          {
                            "minutes": 15
                          }
                        ]
                      }
                    ],
                    "storage_class": "STANDARD"
                  }
                ],
                "existing_object_replication": [],
                "filter": [
                  {
                    "and": [],
                    "prefix": null,
                    "tag": []
                  }
                ],
                "id": "foobar",
                "prefix": null,
                "priority": null,
                "source_selection_criteria": [],
                "status": "Enabled"
              }
            ],
            "token": null
          },
          "sensitive_values": {
            "rule": [
              {
                "delete_marker_replication": [
                  {}
                ],
                "destination": [
                  {
                    "access_control_translation": [],
                    "encryption_configuration": [],
                    "metrics": [
                      {
                        "event_threshold": [
                          {}
                        ]
                      }
                    ],
                    "replication_time": [
                      {
                        "time": [
                          {}
                        ]
                      }
                    ]
                  }
                ],
                "existing_object_replication": [],
                "filter": [
                  {
                    "and": [],
                    "tag": []
                  }
                ],
                "source_selection_criteria": []
              }
            ]
          }
        },
        {
          "address": "aws_s3_bucket_request_payment_configuration.example",
          "mode": "managed",
          "type": "aws_s3_bucket_request_payment_configuration",
          "name": "example",
          "provider_name": "registry.terraform.io/hashicorp/aws",
          "schema_version": 0,
          "values": {
            "bucket": "tfedit-test",
            "expected_bucket_owner": null,
            "payer": "Requester"
          },
          "sensitive_values": {}
        },
        {
          "address": "aws_s3_bucket_server_side_encryption_configuration.example",
          "mode": "managed",
          "type": "aws_s3_bucket_server_side_encryption_configuration",
          "name": "example",
          "provider_name": "registry.terraform.io/hashicorp/aws",
          "schema_version": 0,
          "values": {
            "bucket": "tfedit-test",
            "expected_bucket_owner": null,
            "rule": [
              {
                "apply_server_side_encryption_by_default": [
                  {
                    "kms_master_key_id": "aws/s3",
                    "sse_algorithm": "aws:kms"
                  }
                ],
                "bucket_key_enabled": null
              }
            ]
          },
          "sensitive_values": {
            "rule": [
              {
                "apply_server_side_encryption_by_default": [
                  {}
                ]
              }
            ]
          }
        },
        {
          "address": "aws_s3_bucket_versioning.example",
          "mode": "managed",
          "type": "aws_s3_bucket_versioning",
          "name": "example",
          "provider_name": "registry.terraform.io/hashicorp/aws",
          "schema_version": 0,
          "values": {
            "bucket": "tfedit-test",
            "expected_bucket_owner": null,
            "mfa": null,
            "versioning_configuration": [
              {
                "status": "Enabled"
              }
            ]
          },
          "sensitive_values": {
            "versioning_configuration": [
              {}
            ]
          }
        },
        {
          "address": "aws_s3_bucket_website_configuration.example",
          "mode": "managed",
          "type": "aws_s3_bucket_website_configuration",
          "name": "example",
          "provider_name": "registry.terraform.io/hashicorp/aws",
          "schema_version": 0,
          "values": {
            "bucket": "tfedit-test",
            "error_document": [
              {
                "key": "error.html"
              }
            ],
            "expected_bucket_owner": null,
            "index_document": [
              {
                "suffix": "index.html"
              }
            ],
            "redirect_all_requests_to": [],
            "routing_rule": []
          },
          "sensitive_values": {
            "error_document": [
              {}
            ],
            "index_document": [
              {}
            ],
            "redirect_all_requests_to": [],
            "routing_rule": []
          }
        }
      ]
    }
  },
  "resource_drift": [
    {
      "address": "aws_s3_bucket.destination",
      "mode": "managed",
      "type": "aws_s3_bucket",
      "name": "destination",
      "provider_name": "registry.terraform.io/hashicorp/aws",
      "change": {
        "actions": [
          "update"
        ],
        "before": {
          "acceleration_status": "",
          "acl": "private",
          "arn": "arn:aws:s3:::tfedit-destination",
          "bucket": "tfedit-destination",
          "bucket_domain_name": "tfedit-destination.s3.amazonaws.com",
          "bucket_prefix": null,
          "bucket_regional_domain_name": "tfedit-destination.s3.ap-northeast-1.amazonaws.com",
          "cors_rule": [],
          "force_destroy": false,
          "grant": [],
          "hosted_zone_id": "Z2M4EHUR26P7ZW",
          "id": "tfedit-destination",
          "lifecycle_rule": [],
          "logging": [],
          "object_lock_configuration": [],
          "object_lock_enabled": null,
          "policy": null,
          "region": "ap-northeast-1",
          "replication_configuration": [],
          "request_payer": "BucketOwner",
          "server_side_encryption_configuration": [],
          "tags": null,
          "tags_all": {},
          "versioning": [
            {
              "enabled": false,
              "mfa_delete": false
            }
          ],
          "website": [],
          "website_domain": null,
          "website_endpoint": null
        },
        "after": {
          "acceleration_status": "",
          "acl": "private",
          "arn": "arn:aws:s3:::tfedit-destination",
          "bucket": "tfedit-destination",
          "bucket_domain_name": "tfedit-destination.s3.amazonaws.com",
          "bucket_prefix": null,
          "bucket_regional_domain_name": "tfedit-destination.s3.ap-northeast-1.amazonaws.com",
          "cors_rule": [],
          "force_destroy": false,
          "grant": [
            {
              "id": "75aa57f09aa0c8caeab4f8c24e99d10f8e7faeebf76c078efc7c6caea54ba06a",
              "permissions": [
                "FULL_CONTROL"
              ],
              "type": "CanonicalUser",
              "uri": ""
            }
          ],
          "hosted_zone_id": "Z2M4EHUR26P7ZW",
          "id": "tfedit-destination",
          "lifecycle_rule": [],
          "logging": [],
          "object_lock_configuration": [],
          "object_lock_enabled": false,
          "policy": "",
          "region": "ap-northeast-1",
          "replication_configuration": [],
          "request_payer": "BucketOwner",
          "server_side_encryption_configuration": [],
          "tags": {},
          "tags_all": {},
          "versioning": [
            {
              "enabled": false,
              "mfa_delete": false
            }
          ],
          "website": [],
          "website_domain": null,
          "website_endpoint": null
        },
        "after_unknown": {},
        "before_sensitive": {
          "cors_rule": [],
          "grant": [],
          "lifecycle_rule": [],
          "logging": [],
          "object_lock_configuration": [],
          "replication_configuration": [],
          "server_side_encryption_configuration": [],
          "tags_all": {},
          "versioning": [
            {}
          ],
          "website": []
        },
        "after_sensitive": {
          "cors_rule": [],
          "grant": [
            {
              "permissions": [
                false
              ]
            }
          ],
          "lifecycle_rule": [],
          "logging": [],
          "object_lock_configuration": [],
          "replication_configuration": [],
          "server_side_encryption_configuration": [],
          "tags": {},
          "tags_all": {},
          "versioning": [
            {}
          ],
          "website": []
        }
      }
    },
    {
      "address": "aws_s3_bucket.example",
      "mode": "managed",
      "type": "aws_s3_bucket",
      "name": "example",
      "provider_name": "registry.terraform.io/hashicorp/aws",
      "change": {
        "actions": [
          "update"
        ],
        "before": {
          "acceleration_status": "Enabled",
          "acl": "private",
          "arn": "arn:aws:s3:::tfedit-test",
          "bucket": "tfedit-test",
          "bucket_domain_name": "tfedit-test.s3.amazonaws.com",
          "bucket_prefix": null,
          "bucket_regional_domain_name": "tfedit-test.s3.ap-northeast-1.amazonaws.com",
          "cors_rule": [
            {
              "allowed_headers": [
                "*"
              ],
              "allowed_methods": [
                "PUT",
                "POST"
              ],
              "allowed_origins": [
                "https://s3-website-test.hashicorp.com"
              ],
              "expose_headers": [
                "ETag"
              ],
              "max_age_seconds": 3000
            }
          ],
          "force_destroy": false,
          "grant": [],
          "hosted_zone_id": "Z2M4EHUR26P7ZW",
          "id": "tfedit-test",
          "lifecycle_rule": [
            {
              "abort_incomplete_multipart_upload_days": 0,
              "enabled": true,
              "expiration": [],
              "id": "Keep previous version 30 days, then in Glacier another 60",
              "noncurrent_version_expiration": [
                {
                  "days": 90
                }
              ],
              "noncurrent_version_transition": [
                {
                  "days": 30,
                  "storage_class": "GLACIER"
                }
              ],
              "prefix": "",
              "tags": null,
              "transition": []
            },
            {
              "abort_incomplete_multipart_upload_days": 7,
              "enabled": true,
              "expiration": [],
              "id": "Delete old incomplete multi-part uploads",
              "noncurrent_version_expiration": [],
              "noncurrent_version_transition": [],
              "prefix": "",
              "tags": null,
              "transition": []
            }
          ],
          "logging": [
            {
              "target_bucket": "tfedit-log",
              "target_prefix": "log/"
            }
          ],
          "object_lock_configuration": [
            {
              "object_lock_enabled": "Enabled",
              "rule": [
                {
                  "default_retention": [
                    {
                      "days": 3,
                      "mode": "COMPLIANCE",
                      "years": 0
                    }
                  ]
                }
              ]
            }
          ],
          "object_lock_enabled": null,
          "policy": "{\"Id\":\"Policy1446577137248\",\"Statement\":[{\"Action\":\"s3:PutObject\",\"Effect\":\"Allow\",\"Principal\":{\"AWS\":\"arn:aws:iam::123456789012:root\"},\"Resource\":\"arn:aws:s3:::example/*\",\"Sid\":\"Stmt1446575236270\"}],\"Version\":\"2012-10-17\"}",
          "region": "ap-northeast-1",
          "replication_configuration": [
            {
              "role": "arn:aws:iam::123456789012:role/tfedit-role",
              "rules": [
                {
                  "delete_marker_replication_status": "Enabled",
                  "destination": [
                    {
                      "access_control_translation": [],
                      "account_id": "",
                      "bucket": "arn:aws:s3:::tfedit-destination",
                      "metrics": [
                        {
                          "minutes": 15,
                          "status": "Enabled"
                        }
                      ],
                      "replica_kms_key_id": "",
                      "replication_time": [
                        {
                          "minutes": 15,
                          "status": "Enabled"
                        }
                      ],
                      "storage_class": "STANDARD"
                    }
                  ],
                  "filter": [
                    {
                      "prefix": "",
                      "tags": null
                    }
                  ],
                  "id": "foobar",
                  "prefix": "",
                  "priority": null,
                  "source_selection_criteria": [],
                  "status": "Enabled"
                }
              ]
            }
          ],
          "request_payer": "Requester",
          "server_side_encryption_configuration": [
            {
              "rule": [
                {
                  "apply_server_side_encryption_by_default": [
                    {
                      "kms_master_key_id": "aws/s3",
                      "sse_algorithm": "aws:kms"
                    }
                  ],
                  "bucket_key_enabled": false
                }
              ]
            }
          ],
          "tags": null,
          "tags_all": {},
          "versioning": [
            {
              "enabled": true,
              "mfa_delete": false
            }
          ],
          "website": [
            {
              "error_document": "error.html",
              "index_document": "index.html",
              "redirect_all_requests_to": "",
              "routing_rules": ""
            }
          ],
          "website_domain": "s3-website-ap-northeast-1.amazonaws.com",
          "website_endpoint": "tfedit-test.s3-website-ap-northeast-1.amazonaws.com"
        },
        "after": {
          "acceleration_status": "Enabled",
          "acl": "private",
          "arn": "arn:aws:s3:::tfedit-test",
          "bucket": "tfedit-test",
          "bucket_domain_name": "tfedit-test.s3.amazonaws.com",
          "bucket_prefix": null,
          "bucket_regional_domain_name": "tfedit-test.s3.ap-northeast-1.amazonaws.com",
          "cors_rule": [
            {
              "allowed_headers": [
                "*"
              ],
              "allowed_methods": [
                "PUT",
                "POST"
              ],
              "allowed_origins": [
                "https://s3-website-test.hashicorp.com"
              ],
              "expose_headers": [
                "ETag"
              ],
              "max_age_seconds": 3000
            }
          ],
          "force_destroy": false,
          "grant": [
            {
              "id": "75aa57f09aa0c8caeab4f8c24e99d10f8e7faeebf76c078efc7c6caea54ba06a",
              "permissions": [
                "FULL_CONTROL"
              ],
              "type": "CanonicalUser",
              "uri": ""
            }
          ],
          "hosted_zone_id": "Z2M4EHUR26P7ZW",
          "id": "tfedit-test",
          "lifecycle_rule": [
            {
              "abort_incomplete_multipart_upload_days": 0,
              "enabled": true,
              "expiration": [],
              "id": "Keep previous version 30 days, then in Glacier another 60",
              "noncurrent_version_expiration": [
                {
                  "days": 90
                }
              ],
              "noncurrent_version_transition": [
                {
                  "days": 30,
                  "storage_class": "GLACIER"
                }
              ],
              "prefix": "",
              "tags": {},
              "transition": []
            },
            {
              "abort_incomplete_multipart_upload_days": 7,
              "enabled": true,
              "expiration": [],
              "id": "Delete old incomplete multi-part uploads",
              "noncurrent_version_expiration": [],
              "noncurrent_version_transition": [],
              "prefix": "",
              "tags": {},
              "transition": []
            }
          ],
          "logging": [
            {
              "target_bucket": "tfedit-log",
              "target_prefix": "log/"
            }
          ],
          "object_lock_configuration": [
            {
              "object_lock_enabled": "Enabled",
              "rule": [
                {
                  "default_retention": [
                    {
                      "days": 3,
                      "mode": "COMPLIANCE",
                      "years": 0
                    }
                  ]
                }
              ]
            }
          ],
          "object_lock_enabled": true,
          "policy": "{\"Id\":\"Policy1446577137248\",\"Statement\":[{\"Action\":\"s3:PutObject\",\"Effect\":\"Allow\",\"Principal\":{\"AWS\":\"arn:aws:iam::123456789012:root\"},\"Resource\":\"arn:aws:s3:::example/*\",\"Sid\":\"Stmt1446575236270\"}],\"Version\":\"2012-10-17\"}",
          "region": "ap-northeast-1",
          "replication_configuration": [
            {
              "role": "arn:aws:iam::123456789012:role/tfedit-role",
              "rules": [
                {
                  "delete_marker_replication_status": "Enabled",
                  "destination": [
                    {
                      "access_control_translation": [],
                      "account_id": "",
                      "bucket": "arn:aws:s3:::tfedit-destination",
                      "metrics": [
                        {
                          "minutes": 15,
                          "status": "Enabled"
                        }
                      ],
                      "replica_kms_key_id": "",
                      "replication_time": [
                        {
                          "minutes": 15,
                          "status": "Enabled"
                        }
                      ],
                      "storage_class": "STANDARD"
                    }
                  ],
                  "filter": [
                    {
                      "prefix": "",
                      "tags": {}
                    }
                  ],
                  "id": "foobar",
                  "prefix": "",
                  "priority": 0,
                  "source_selection_criteria": [],
                  "status": "Enabled"
                }
              ]
            }
          ],
          "request_payer": "Requester",
          "server_side_encryption_configuration": [
            {
              "rule": [
                {
                  "apply_server_side_encryption_by_default": [
                    {
                      "kms_master_key_id": "aws/s3",
                      "sse_algorithm": "aws:kms"
                    }
                  ],
                  "bucket_key_enabled": false
                }
              ]
            }
          ],
          "tags": {},
          "tags_all": {},
          "versioning": [
            {
              "enabled": true,
              "mfa_delete": false
            }
          ],
          "website": [
            {
              "error_document": "error.html",
              "index_document": "index.html",
              "redirect_all_requests_to": "",
              "routing_rules": ""
            }
          ],
          "website_domain": "s3-website-ap-northeast-1.amazonaws.com",
          "website_endpoint": "tfedit-test.s3-website-ap-northeast-1.amazonaws.com"
        },
        "after_unknown": {},
        "before_sensitive": {
          "cors_rule": [
            {
              "allowed_headers": [
                false
              ],
              "allowed_methods": [
                false,
                false
              ],
              "allowed_origins": [
                false
              ],
              "expose_headers": [
                false
              ]
            }
          ],
          "grant": [],
          "lifecycle_rule": [
            {
              "expiration": [],
              "noncurrent_version_expiration": [
                {}
              ],
              "noncurrent_version_transition": [
                {}
              ],
              "transition": []
            },
            {
              "expiration": [],
              "noncurrent_version_expiration": [],
              "noncurrent_version_transition": [],
              "transition": []
            }
          ],
          "logging": [
            {}
          ],
          "object_lock_configuration": [
            {
              "rule": [
                {
                  "default_retention": [
                    {}
                  ]
                }
              ]
            }
          ],
          "replication_configuration": [
            {
              "rules": [
                {
                  "destination": [
                    {
                      "access_control_translation": [],
                      "metrics": [
                        {}
                      ],
                      "replication_time": [
                        {}
                      ]
                    }
                  ],
                  "filter": [
                    {}
                  ],
                  "source_selection_criteria": []
                }
              ]
            }
          ],
          "server_side_encryption_configuration": [
            {
              "rule": [
                {
                  "apply_server_side_encryption_by_default": [
                    {}
                  ]
                }
              ]
            }
          ],
          "tags_all": {},
          "versioning": [
            {}
          ],
          "website": [
            {}
          ]
        },
        "after_sensitive": {
          "cors_rule": [
            {
              "allowed_headers": [
                false
              ],
              "allowed_methods": [
                false,
                false
              ],
              "allowed_origins": [
                false
              ],
              "expose_headers": [
                false
              ]
            }
          ],
          "grant": [
            {
              "permissions": [
                false
              ]
            }
          ],
          "lifecycle_rule": [
            {
              "expiration": [],
              "noncurrent_version_expiration": [
                {}
              ],
              "noncurrent_version_transition": [
                {}
              ],
              "tags": {},
              "transition": []
            },
            {
              "expiration": [],
              "noncurrent_version_expiration": [],
              "noncurrent_version_transition": [],
              "tags": {},
              "transition": []
            }
          ],
          "logging": [
            {}
          ],
          "object_lock_configuration": [
            {
              "rule": [
                {
                  "default_retention": [
                    {}
                  ]
                }
              ]
            }
          ],
          "replication_configuration": [
            {
              "rules": [
                {
                  "destination": [
                    {
                      "access_control_translation": [],
                      "metrics": [
                        {}
                      ],
                      "replication_time": [
                        {}
                      ]
                    }
                  ],
                  "filter": [
                    {
                      "tags": {}
                    }
                  ],
                  "source_selection_criteria": []
                }
              ]
            }
          ],
          "server_side_encryption_configuration": [
            {
              "rule": [
                {
                  "apply_server_side_encryption_by_default": [
                    {}
                  ]
                }
              ]
            }
          ],
          "tags": {},
          "tags_all": {},
          "versioning": [
            {}
          ],
          "website": [
            {}
          ]
        }
      }
    },
    {
      "address": "aws_s3_bucket.log",
      "mode": "managed",
      "type": "aws_s3_bucket",
      "name": "log",
      "provider_name": "registry.terraform.io/hashicorp/aws",
      "change": {
        "actions": [
          "update"
        ],
        "before": {
          "acceleration_status": "",
          "acl": "log-delivery-write",
          "arn": "arn:aws:s3:::tfedit-log",
          "bucket": "tfedit-log",
          "bucket_domain_name": "tfedit-log.s3.amazonaws.com",
          "bucket_prefix": null,
          "bucket_regional_domain_name": "tfedit-log.s3.ap-northeast-1.amazonaws.com",
          "cors_rule": [],
          "force_destroy": false,
          "grant": [],
          "hosted_zone_id": "Z2M4EHUR26P7ZW",
          "id": "tfedit-log",
          "lifecycle_rule": [],
          "logging": [],
          "object_lock_configuration": [],
          "object_lock_enabled": null,
          "policy": null,
          "region": "ap-northeast-1",
          "replication_configuration": [],
          "request_payer": "BucketOwner",
          "server_side_encryption_configuration": [],
          "tags": null,
          "tags_all": {},
          "versioning": [
            {
              "enabled": false,
              "mfa_delete": false
            }
          ],
          "website": [],
          "website_domain": null,
          "website_endpoint": null
        },
        "after": {
          "acceleration_status": "",
          "acl": "log-delivery-write",
          "arn": "arn:aws:s3:::tfedit-log",
          "bucket": "tfedit-log",
          "bucket_domain_name": "tfedit-log.s3.amazonaws.com",
          "bucket_prefix": null,
          "bucket_regional_domain_name": "tfedit-log.s3.ap-northeast-1.amazonaws.com",
          "cors_rule": [],
          "force_destroy": false,
          "grant": [
            {
              "id": "",
              "permissions": [
                "WRITE"
              ],
              "type": "Group",
              "uri": "http://acs.amazonaws.com/groups/s3/LogDelivery"
            },
            {
              "id": "75aa57f09aa0c8caeab4f8c24e99d10f8e7faeebf76c078efc7c6caea54ba06a",
              "permissions": [
                "FULL_CONTROL"
              ],
              "type": "CanonicalUser",
              "uri": ""
            }
          ],
          "hosted_zone_id": "Z2M4EHUR26P7ZW",
          "id": "tfedit-log",
          "lifecycle_rule": [],
          "logging": [],
          "object_lock_configuration": [],
          "object_lock_enabled": false,
          "policy": "",
          "region": "ap-northeast-1",
          "replication_configuration": [],
          "request_payer": "BucketOwner",
          "server_side_encryption_configuration": [],
          "tags": {},
          "tags_all": {},
          "versioning": [
            {
              "enabled": false,
              "mfa_delete": false
            }
          ],
          "website": [],
          "website_domain": null,
          "website_endpoint": null
        },
        "after_unknown": {},
        "before_sensitive": {
          "cors_rule": [],
          "grant": [],
          "lifecycle_rule": [],
          "logging": [],
          "object_lock_configuration": [],
          "replication_configuration": [],
          "server_side_encryption_configuration": [],
          "tags_all": {},
          "versioning": [
            {}
          ],
          "website": []
        },
        "after_sensitive": {
          "cors_rule": [],
          "grant": [
            {
              "permissions": [
                false
              ]
            },
            {
              "permissions": [
                false
              ]
            }
          ],
          "lifecycle_rule": [],
          "logging": [],
          "object_lock_configuration": [],
          "replication_configuration": [],
          "server_side_encryption_configuration": [],
          "tags": {},
          "tags_all": {},
          "versioning": [
            {}
          ],
          "website": []
        }
      }
    }
  ],
  "resource_changes": [
    {
      "address": "aws_s3_bucket.destination",
      "mode": "managed",
      "type": "aws_s3_bucket",
      "name": "destination",
      "provider_name": "registry.terraform.io/hashicorp/aws",
      "change": {
        "actions": [
          "no-op"
        ],
        "before": {
          "acceleration_status": "",
          "acl": "private",
          "arn": "arn:aws:s3:::tfedit-destination",
          "bucket": "tfedit-destination",
          "bucket_domain_name": "tfedit-destination.s3.amazonaws.com",
          "bucket_prefix": null,
          "bucket_regional_domain_name": "tfedit-destination.s3.ap-northeast-1.amazonaws.com",
          "cors_rule": [],
          "force_destroy": false,
          "grant": [
            {
              "id": "75aa57f09aa0c8caeab4f8c24e99d10f8e7faeebf76c078efc7c6caea54ba06a",
              "permissions": [
                "FULL_CONTROL"
              ],
              "type": "CanonicalUser",
              "uri": ""
            }
          ],
          "hosted_zone_id": "Z2M4EHUR26P7ZW",
          "id": "tfedit-destination",
          "lifecycle_rule": [],
          "logging": [],
          "object_lock_configuration": [],
          "object_lock_enabled": false,
          "policy": "",
          "region": "ap-northeast-1",
          "replication_configuration": [],
          "request_payer": "BucketOwner",
          "server_side_encryption_configuration": [],
          "tags": {},
          "tags_all": {},
          "versioning": [
            {
              "enabled": false,
              "mfa_delete": false
            }
          ],
          "website": [],
          "website_domain": null,
          "website_endpoint": null
        },
        "after": {
          "acceleration_status": "",
          "acl": "private",
          "arn": "arn:aws:s3:::tfedit-destination",
          "bucket": "tfedit-destination",
          "bucket_domain_name": "tfedit-destination.s3.amazonaws.com",
          "bucket_prefix": null,
          "bucket_regional_domain_name": "tfedit-destination.s3.ap-northeast-1.amazonaws.com",
          "cors_rule": [],
          "force_destroy": false,
          "grant": [
            {
              "id": "75aa57f09aa0c8caeab4f8c24e99d10f8e7faeebf76c078efc7c6caea54ba06a",
              "permissions": [
                "FULL_CONTROL"
              ],
              "type": "CanonicalUser",
              "uri": ""
            }
          ],
          "hosted_zone_id": "Z2M4EHUR26P7ZW",
          "id": "tfedit-destination",
          "lifecycle_rule": [],
          "logging": [],
          "object_lock_configuration": [],
          "object_lock_enabled": false,
          "policy": "",
          "region": "ap-northeast-1",
          "replication_configuration": [],
          "request_payer": "BucketOwner",
          "server_side_encryption_configuration": [],
          "tags": {},
          "tags_all": {},
          "versioning": [
            {
              "enabled": false,
              "mfa_delete": false
            }
          ],
          "website": [],
          "website_domain": null,
          "website_endpoint": null
        },
        "after_unknown": {},
        "before_sensitive": {
          "cors_rule": [],
          "grant": [
            {
              "permissions": [
                false
              ]
            }
          ],
          "lifecycle_rule": [],
          "logging": [],
          "object_lock_configuration": [],
          "replication_configuration": [],
          "server_side_encryption_configuration": [],
          "tags": {},
          "tags_all": {},
          "versioning": [
            {}
          ],
          "website": []
        },
        "after_sensitive": {
          "cors_rule": [],
          "grant": [
            {
              "permissions": [
                false
              ]
            }
          ],
          "lifecycle_rule": [],
          "logging": [],
          "object_lock_configuration": [],
          "replication_configuration": [],
          "server_side_encryption_configuration": [],
          "tags": {},
          "tags_all": {},
          "versioning": [
            {}
          ],
          "website": []
        }
      }
    },
    {
      "address": "aws_s3_bucket.example",
      "mode": "managed",
      "type": "aws_s3_bucket",
      "name": "example",
      "provider_name": "registry.terraform.io/hashicorp/aws",
      "change": {
        "actions": [
          "no-op"
        ],
        "before": {
          "acceleration_status": "Enabled",
          "acl": "private",
          "arn": "arn:aws:s3:::tfedit-test",
          "bucket": "tfedit-test",
          "bucket_domain_name": "tfedit-test.s3.amazonaws.com",
          "bucket_prefix": null,
          "bucket_regional_domain_name": "tfedit-test.s3.ap-northeast-1.amazonaws.com",
          "cors_rule": [
            {
              "allowed_headers": [
                "*"
              ],
              "allowed_methods": [
                "PUT",
                "POST"
              ],
              "allowed_origins": [
                "https://s3-website-test.hashicorp.com"
              ],
              "expose_headers": [
                "ETag"
              ],
              "max_age_seconds": 3000
            }
          ],
          "force_destroy": false,
          "grant": [
            {
              "id": "75aa57f09aa0c8caeab4f8c24e99d10f8e7faeebf76c078efc7c6caea54ba06a",
              "permissions": [
                "FULL_CONTROL"
              ],
              "type": "CanonicalUser",
              "uri": ""
            }
          ],
          "hosted_zone_id": "Z2M4EHUR26P7ZW",
          "id": "tfedit-test",
          "lifecycle_rule": [
            {
              "abort_incomplete_multipart_upload_days": 0,
              "enabled": true,
              "expiration": [],
              "id": "Keep previous version 30 days, then in Glacier another 60",
              "noncurrent_version_expiration": [
                {
                  "days": 90
                }
              ],
              "noncurrent_version_transition": [
                {
                  "days": 30,
                  "storage_class": "GLACIER"
                }
              ],
              "prefix": "",
              "tags": {},
              "transition": []
            },
            {
              "abort_incomplete_multipart_upload_days": 7,
              "enabled": true,
              "expiration": [],
              "id": "Delete old incomplete multi-part uploads",
              "noncurrent_version_expiration": [],
              "noncurrent_version_transition": [],
              "prefix": "",
              "tags": {},
              "transition": []
            }
          ],
          "logging": [
            {
              "target_bucket": "tfedit-log",
              "target_prefix": "log/"
            }
          ],
          "object_lock_configuration": [
            {
              "object_lock_enabled": "Enabled",
              "rule": [
                {
                  "default_retention": [
                    {
                      "days": 3,
                      "mode": "COMPLIANCE",
                      "years": 0
                    }
                  ]
                }
              ]
            }
          ],
          "object_lock_enabled": true,
          "policy": "{\"Id\":\"Policy1446577137248\",\"Statement\":[{\"Action\":\"s3:PutObject\",\"Effect\":\"Allow\",\"Principal\":{\"AWS\":\"arn:aws:iam::123456789012:root\"},\"Resource\":\"arn:aws:s3:::example/*\",\"Sid\":\"Stmt1446575236270\"}],\"Version\":\"2012-10-17\"}",
          "region": "ap-northeast-1",
          "replication_configuration": [
            {
              "role": "arn:aws:iam::123456789012:role/tfedit-role",
              "rules": [
                {
                  "delete_marker_replication_status": "Enabled",
                  "destination": [
                    {
                      "access_control_translation": [],
                      "account_id": "",
                      "bucket": "arn:aws:s3:::tfedit-destination",
                      "metrics": [
                        {
                          "minutes": 15,
                          "status": "Enabled"
                        }
                      ],
                      "replica_kms_key_id": "",
                      "replication_time": [
                        {
                          "minutes": 15,
                          "status": "Enabled"
                        }
                      ],
                      "storage_class": "STANDARD"
                    }
                  ],
                  "filter": [
                    {
                      "prefix": "",
                      "tags": {}
                    }
                  ],
                  "id": "foobar",
                  "prefix": "",
                  "priority": 0,
                  "source_selection_criteria": [],
                  "status": "Enabled"
                }
              ]
            }
          ],
          "request_payer": "Requester",
          "server_side_encryption_configuration": [
            {
              "rule": [
                {
                  "apply_server_side_encryption_by_default": [
                    {
                      "kms_master_key_id": "aws/s3",
                      "sse_algorithm": "aws:kms"
                    }
                  ],
                  "bucket_key_enabled": false
                }
              ]
            }
          ],
          "tags": {},
          "tags_all": {},
          "versioning": [
            {
              "enabled": true,
              "mfa_delete": false
            }
          ],
          "website": [
            {
              "error_document": "error.html",
              "index_document": "index.html",
              "redirect_all_requests_to": "",
              "routing_rules": ""
            }
          ],
          "website_domain": "s3-website-ap-northeast-1.amazonaws.com",
          "website_endpoint": "tfedit-test.s3-website-ap-northeast-1.amazonaws.com"
        },
        "after": {
          "acceleration_status": "Enabled",
          "acl": "private",
          "arn": "arn:aws:s3:::tfedit-test",
          "bucket": "tfedit-test",
          "bucket_domain_name": "tfedit-test.s3.amazonaws.com",
          "bucket_prefix": null,
          "bucket_regional_domain_name": "tfedit-test.s3.ap-northeast-1.amazonaws.com",
          "cors_rule": [
            {
              "allowed_headers": [
                "*"
              ],
              "allowed_methods": [
                "PUT",
                "POST"
              ],
              "allowed_origins": [
                "https://s3-website-test.hashicorp.com"
              ],
              "expose_headers": [
                "ETag"
              ],
              "max_age_seconds": 3000
            }
          ],
          "force_destroy": false,
          "grant": [
            {
              "id": "75aa57f09aa0c8caeab4f8c24e99d10f8e7faeebf76c078efc7c6caea54ba06a",
              "permissions": [
                "FULL_CONTROL"
              ],
              "type": "CanonicalUser",
              "uri": ""
            }
          ],
          "hosted_zone_id": "Z2M4EHUR26P7ZW",
          "id": "tfedit-test",
          "lifecycle_rule": [
            {
              "abort_incomplete_multipart_upload_days": 0,
              "enabled": true,
              "expiration": [],
              "id": "Keep previous version 30 days, then in Glacier another 60",
              "noncurrent_version_expiration": [
                {
                  "days": 90
                }
              ],
              "noncurrent_version_transition": [
                {
                  "days": 30,
                  "storage_class": "GLACIER"
                }
              ],
              "prefix": "",
              "tags": {},
              "transition": []
            },
            {
              "abort_incomplete_multipart_upload_days": 7,
              "enabled": true,
              "expiration": [],
              "id": "Delete old incomplete multi-part uploads",
              "noncurrent_version_expiration": [],
              "noncurrent_version_transition": [],
              "prefix": "",
              "tags": {},
              "transition": []
            }
          ],
          "logging": [
            {
              "target_bucket": "tfedit-log",
              "target_prefix": "log/"
            }
          ],
          "object_lock_configuration": [
            {
              "object_lock_enabled": "Enabled",
              "rule": [
                {
                  "default_retention": [
                    {
                      "days": 3,
                      "mode": "COMPLIANCE",
                      "years": 0
                    }
                  ]
                }
              ]
            }
          ],
          "object_lock_enabled": true,
          "policy": "{\"Id\":\"Policy1446577137248\",\"Statement\":[{\"Action\":\"s3:PutObject\",\"Effect\":\"Allow\",\"Principal\":{\"AWS\":\"arn:aws:iam::123456789012:root\"},\"Resource\":\"arn:aws:s3:::example/*\",\"Sid\":\"Stmt1446575236270\"}],\"Version\":\"2012-10-17\"}",
          "region": "ap-northeast-1",
          "replication_configuration": [
            {
              "role": "arn:aws:iam::123456789012:role/tfedit-role",
              "rules": [
                {
                  "delete_marker_replication_status": "Enabled",
                  "destination": [
                    {
                      "access_control_translation": [],
                      "account_id": "",
                      "bucket": "arn:aws:s3:::tfedit-destination",
                      "metrics": [
                        {
                          "minutes": 15,
                          "status": "Enabled"
                        }
                      ],
                      "replica_kms_key_id": "",
                      "replication_time": [
                        {
                          "minutes": 15,
                          "status": "Enabled"
                        }
                      ],
                      "storage_class": "STANDARD"
                    }
                  ],
                  "filter": [
                    {
                      "prefix": "",
                      "tags": {}
                    }
                  ],
                  "id": "foobar",
                  "prefix": "",
                  "priority": 0,
                  "source_selection_criteria": [],
                  "status": "Enabled"
                }
              ]
            }
          ],
          "request_payer": "Requester",
          "server_side_encryption_configuration": [
            {
              "rule": [
                {
                  "apply_server_side_encryption_by_default": [
                    {
                      "kms_master_key_id": "aws/s3",
                      "sse_algorithm": "aws:kms"
                    }
                  ],
                  "bucket_key_enabled": false
                }
              ]
            }
          ],
          "tags": {},
          "tags_all": {},
          "versioning": [
            {
              "enabled": true,
              "mfa_delete": false
            }
          ],
          "website": [
            {
              "error_document": "error.html",
              "index_document": "index.html",
              "redirect_all_requests_to": "",
              "routing_rules": ""
            }
          ],
          "website_domain": "s3-website-ap-northeast-1.amazonaws.com",
          "website_endpoint": "tfedit-test.s3-website-ap-northeast-1.amazonaws.com"
        },
        "after_unknown": {},
        "before_sensitive": {
          "cors_rule": [
            {
              "allowed_headers": [
                false
              ],
              "allowed_methods": [
                false,
                false
              ],
              "allowed_origins": [
                false
              ],
              "expose_headers": [
                false
              ]
            }
          ],
          "grant": [
            {
              "permissions": [
                false
              ]
            }
          ],
          "lifecycle_rule": [
            {
              "expiration": [],
              "noncurrent_version_expiration": [
                {}
              ],
              "noncurrent_version_transition": [
                {}
              ],
              "tags": {},
              "transition": []
            },
            {
              "expiration": [],
              "noncurrent_version_expiration": [],
              "noncurrent_version_transition": [],
              "tags": {},
              "transition": []
            }
          ],
          "logging": [
            {}
          ],
          "object_lock_configuration": [
            {
              "rule": [
                {
                  "default_retention": [
                    {}
                  ]
                }
              ]
            }
          ],
          "replication_configuration": [
            {
              "rules": [
                {
                  "destination": [
                    {
                      "access_control_translation": [],
                      "metrics": [
                        {}
                      ],
                      "replication_time": [
                        {}
                      ]
                    }
                  ],
                  "filter": [
                    {
                      "tags": {}
                    }
                  ],
                  "source_selection_criteria": []
                }
              ]
            }
          ],
          "server_side_encryption_configuration": [
            {
              "rule": [
                {
                  "apply_server_side_encryption_by_default": [
                    {}
                  ]
                }
              ]
            }
          ],
          "tags": {},
          "tags_all": {},
          "versioning": [
            {}
          ],
          "website": [
            {}
          ]
        },
        "after_sensitive": {
          "cors_rule": [
            {
              "allowed_headers": [
                false
              ],
              "allowed_methods": [
                false,
                false
              ],
              "allowed_origins": [
                false
              ],
              "expose_headers": [
                false
              ]
            }
          ],
          "grant": [
            {
              "permissions": [
                false
              ]
            }
          ],
          "lifecycle_rule": [
            {
              "expiration": [],
              "noncurrent_version_expiration": [
                {}
              ],
              "noncurrent_version_transition": [
                {}
              ],
              "tags": {},
              "transition": []
            },
            {
              "expiration": [],
              "noncurrent_version_expiration": [],
              "noncurrent_version_transition": [],
              "tags": {},
              "transition": []
            }
          ],
          "logging": [
            {}
          ],
          "object_lock_configuration": [
            {
              "rule": [
                {
                  "default_retention": [
                    {}
                  ]
                }
              ]
            }
          ],
          "replication_configuration": [
            {
              "rules": [
                {
                  "destination": [
                    {
                      "access_control_translation": [],
                      "metrics": [
                        {}
                      ],
                      "replication_time": [
                        {}
                      ]
                    }
                  ],
                  "filter": [
                    {
                      "tags": {}
                    }
                  ],
                  "source_selection_criteria": []
                }
              ]
            }
          ],
          "server_side_encryption_configuration": [
            {
              "rule": [
                {
                  "apply_server_side_encryption_by_default": [
                    {}
                  ]
                }
              ]
            }
          ],
          "tags": {},
          "tags_all": {},
          "versioning": [
            {}
          ],
          "website": [
            {}
          ]
        }
      }
    },
    {
      "address": "aws_s3_bucket.log",
      "mode": "managed",
      "type": "aws_s3_bucket",
      "name": "log",
      "provider_name": "registry.terraform.io/hashicorp/aws",
      "change": {
        "actions": [
          "no-op"
        ],
        "before": {
          "acceleration_status": "",
          "acl": "log-delivery-write",
          "arn": "arn:aws:s3:::tfedit-log",
          "bucket": "tfedit-log",
          "bucket_domain_name": "tfedit-log.s3.amazonaws.com",
          "bucket_prefix": null,
          "bucket_regional_domain_name": "tfedit-log.s3.ap-northeast-1.amazonaws.com",
          "cors_rule": [],
          "force_destroy": false,
          "grant": [
            {
              "id": "",
              "permissions": [
                "WRITE"
              ],
              "type": "Group",
              "uri": "http://acs.amazonaws.com/groups/s3/LogDelivery"
            },
            {
              "id": "75aa57f09aa0c8caeab4f8c24e99d10f8e7faeebf76c078efc7c6caea54ba06a",
              "permissions": [
                "FULL_CONTROL"
              ],
              "type": "CanonicalUser",
              "uri": ""
            }
          ],
          "hosted_zone_id": "Z2M4EHUR26P7ZW",
          "id": "tfedit-log",
          "lifecycle_rule": [],
          "logging": [],
          "object_lock_configuration": [],
          "object_lock_enabled": false,
          "policy": "",
          "region": "ap-northeast-1",
          "replication_configuration": [],
          "request_payer": "BucketOwner",
          "server_side_encryption_configuration": [],
          "tags": {},
          "tags_all": {},
          "versioning": [
            {
              "enabled": false,
              "mfa_delete": false
            }
          ],
          "website": [],
          "website_domain": null,
          "website_endpoint": null
        },
        "after": {
          "acceleration_status": "",
          "acl": "log-delivery-write",
          "arn": "arn:aws:s3:::tfedit-log",
          "bucket": "tfedit-log",
          "bucket_domain_name": "tfedit-log.s3.amazonaws.com",
          "bucket_prefix": null,
          "bucket_regional_domain_name": "tfedit-log.s3.ap-northeast-1.amazonaws.com",
          "cors_rule": [],
          "force_destroy": false,
          "grant": [
            {
              "id": "",
              "permissions": [
                "WRITE"
              ],
              "type": "Group",
              "uri": "http://acs.amazonaws.com/groups/s3/LogDelivery"
            },
            {
              "id": "75aa57f09aa0c8caeab4f8c24e99d10f8e7faeebf76c078efc7c6caea54ba06a",
              "permissions": [
                "FULL_CONTROL"
              ],
              "type": "CanonicalUser",
              "uri": ""
            }
          ],
          "hosted_zone_id": "Z2M4EHUR26P7ZW",
          "id": "tfedit-log",
          "lifecycle_rule": [],
          "logging": [],
          "object_lock_configuration": [],
          "object_lock_enabled": false,
          "policy": "",
          "region": "ap-northeast-1",
          "replication_configuration": [],
          "request_payer": "BucketOwner",
          "server_side_encryption_configuration": [],
          "tags": {},
          "tags_all": {},
          "versioning": [
            {
              "enabled": false,
              "mfa_delete": false
            }
          ],
          "website": [],
          "website_domain": null,
          "website_endpoint": null
        },
        "after_unknown": {},
        "before_sensitive": {
          "cors_rule": [],
          "grant": [
            {
              "permissions": [
                false
              ]
            },
            {
              "permissions": [
                false
              ]
            }
          ],
          "lifecycle_rule": [],
          "logging": [],
          "object_lock_configuration": [],
          "replication_configuration": [],
          "server_side_encryption_configuration": [],
          "tags": {},
          "tags_all": {},
          "versioning": [
            {}
          ],
          "website": []
        },
        "after_sensitive": {
          "cors_rule": [],
          "grant": [
            {
              "permissions": [
                false
              ]
            },
            {
              "permissions": [
                false
              ]
            }
          ],
          "lifecycle_rule": [],
          "logging": [],
          "object_lock_configuration": [],
          "replication_configuration": [],
          "server_side_encryption_configuration": [],
          "tags": {},
          "tags_all": {},
          "versioning": [
            {}
          ],
          "website": []
        }
      }
    },
    {
      "address": "aws_s3_bucket_accelerate_configuration.example",
      "mode": "managed",
      "type": "aws_s3_bucket_accelerate_configuration",
      "name": "example",
      "provider_name": "registry.terraform.io/hashicorp/aws",
      "change": {
        "actions": [
          "create"
        ],
        "before": null,
        "after": {
          "bucket": "tfedit-test",
          "expected_bucket_owner": null,
          "status": "Enabled"
        },
        "after_unknown": {
          "id": true
        },
        "before_sensitive": false,
        "after_sensitive": {}
      }
    },
    {
      "address": "aws_s3_bucket_acl.example",
      "mode": "managed",
      "type": "aws_s3_bucket_acl",
      "name": "example",
      "provider_name": "registry.terraform.io/hashicorp/aws",
      "change": {
        "actions": [
          "create"
        ],
        "before": null,
        "after": {
          "acl": "private",
          "bucket": "tfedit-test",
          "expected_bucket_owner": null
        },
        "after_unknown": {
          "access_control_policy": true,
          "id": true
        },
        "before_sensitive": false,
        "after_sensitive": {
          "access_control_policy": []
        }
      }
    },
    {
      "address": "aws_s3_bucket_acl.log",
      "mode": "managed",
      "type": "aws_s3_bucket_acl",
      "name": "log",
      "provider_name": "registry.terraform.io/hashicorp/aws",
      "change": {
        "actions": [
          "create"
        ],
        "before": null,
        "after": {
          "acl": "log-delivery-write",
          "bucket": "tfedit-log",
          "expected_bucket_owner": null
        },
        "after_unknown": {
          "access_control_policy": true,
          "id": true
        },
        "before_sensitive": false,
        "after_sensitive": {
          "access_control_policy": []
        }
      }
    },
    {
      "address": "aws_s3_bucket_cors_configuration.example",
      "mode": "managed",
      "type": "aws_s3_bucket_cors_configuration",
      "name": "example",
      "provider_name": "registry.terraform.io/hashicorp/aws",
      "change": {
        "actions": [
          "create"
        ],
        "before": null,
        "after": {
          "bucket": "tfedit-test",
          "cors_rule": [
            {
              "allowed_headers": [
                "*"
              ],
              "allowed_methods": [
                "POST",
                "PUT"
              ],
              "allowed_origins": [
                "https://s3-website-test.hashicorp.com"
              ],
              "expose_headers": [
                "ETag"
              ],
              "id": "",
              "max_age_seconds": 3000
            }
          ],
          "expected_bucket_owner": null
        },
        "after_unknown": {
          "cors_rule": [
            {
              "allowed_headers": [
                false
              ],
              "allowed_methods": [
                false,
                false
              ],
              "allowed_origins": [
                false
              ],
              "expose_headers": [
                false
              ]
            }
          ],
          "id": true
        },
        "before_sensitive": false,
        "after_sensitive": {
          "cors_rule": [
            {
              "allowed_headers": [
                false
              ],
              "allowed_methods": [
                false,
                false
              ],
              "allowed_origins": [
                false
              ],
              "expose_headers": [
                false
              ]
            }
          ]
        }
      }
    },
    {
      "address": "aws_s3_bucket_lifecycle_configuration.example",
      "mode": "managed",
      "type": "aws_s3_bucket_lifecycle_configuration",
      "name": "example",
      "provider_name": "registry.terraform.io/hashicorp/aws",
      "change": {
        "actions": [
          "create"
        ],
        "before": null,
        "after": {
          "bucket": "tfedit-test",
          "expected_bucket_owner": null,
          "rule": [
            {
              "abort_incomplete_multipart_upload": [],
              "expiration": [],
              "filter": [
                {
                  "and": [],
                  "object_size_greater_than": null,
                  "object_size_less_than": null,
                  "prefix": "",
                  "tag": []
                }
              ],
              "id": "Keep previous version 30 days, then in Glacier another 60",
              "noncurrent_version_expiration": [
                {
                  "newer_noncurrent_versions": null,
                  "noncurrent_days": 90
                }
              ],
              "noncurrent_version_transition": [
                {
                  "newer_noncurrent_versions": "",
                  "noncurrent_days": 30,
                  "storage_class": "GLACIER"
                }
              ],
              "prefix": null,
              "status": "Enabled",
              "transition": []
            },
            {
              "abort_incomplete_multipart_upload": [
                {
                  "days_after_initiation": 7
                }
              ],
              "expiration": [],
              "filter": [
                {
                  "and": [],
                  "object_size_greater_than": null,
                  "object_size_less_than": null,
                  "prefix": "",
                  "tag": []
                }
              ],
              "id": "Delete old incomplete multi-part uploads",
              "noncurrent_version_expiration": [],
              "noncurrent_version_transition": [],
              "prefix": null,
              "status": "Enabled",
              "transition": []
            }
          ]
        },
        "after_unknown": {
          "id": true,
          "rule": [
            {
              "abort_incomplete_multipart_upload": [],
              "expiration": [],
              "filter": [
                {
                  "and": [],
                  "tag": []
                }
              ],
              "noncurrent_version_expiration": [
                {}
              ],
              "noncurrent_version_transition": [
                {}
              ],
              "transition": []
            },
            {
              "abort_incomplete_multipart_upload": [
                {}
              ],
              "expiration": [],
              "filter": [
                {
                  "and": [],
                  "tag": []
                }
              ],
              "noncurrent_version_expiration": [],
              "noncurrent_version_transition": [],
              "transition": []
            }
          ]
        },
        "before_sensitive": false,
        "after_sensitive": {
          "rule": [
            {
              "abort_incomplete_multipart_upload": [],
              "expiration": [],
              "filter": [
                {
                  "and": [],
                  "tag": []
                }
              ],
              "noncurrent_version_expiration": [
                {}
              ],
              "noncurrent_version_transition": [
                {}
              ],
              "transition": []
            },
            {
              "abort_incomplete_multipart_upload": [
                {}
              ],
              "expiration": [],
              "filter": [
                {
                  "and": [],
                  "tag": []
                }
              ],
              "noncurrent_version_expiration": [],
              "noncurrent_version_transition": [],
              "transition": []
            }
          ]
        }
      }
    },
    {
      "address": "aws_s3_bucket_logging.example",
      "mode": "managed",
      "type": "aws_s3_bucket_logging",
      "name": "example",
      "provider_name": "registry.terraform.io/hashicorp/aws",
      "change": {
        "actions": [
          "create"
        ],
        "before": null,
        "after": {
          "bucket": "tfedit-test",
          "expected_bucket_owner": null,
          "target_bucket": "tfedit-log",
          "target_grant": [],
          "target_prefix": "log/"
        },
        "after_unknown": {
          "id": true,
          "target_grant": []
        },
        "before_sensitive": false,
        "after_sensitive": {
          "target_grant": []
        }
      }
    },
    {
      "address": "aws_s3_bucket_object_lock_configuration.example",
      "mode": "managed",
      "type": "aws_s3_bucket_object_lock_configuration",
      "name": "example",
      "provider_name": "registry.terraform.io/hashicorp/aws",
      "change": {
        "actions": [
          "create"
        ],
        "before": null,
        "after": {
          "bucket": "tfedit-test",
          "expected_bucket_owner": null,
          "object_lock_enabled": "Enabled",
          "rule": [
            {
              "default_retention": [
                {
                  "days": 3,
                  "mode": "COMPLIANCE",
                  "years": null
                }
              ]
            }
          ],
          "token": null
        },
        "after_unknown": {
          "id": true,
          "rule": [
            {
              "default_retention": [
                {}
              ]
            }
          ]
        },
        "before_sensitive": false,
        "after_sensitive": {
          "rule": [
            {
              "default_retention": [
                {}
              ]
            }
          ],
          "token": true
        }
      }
    },
    {
      "address": "aws_s3_bucket_policy.example",
      "mode": "managed",
      "type": "aws_s3_bucket_policy",
      "name": "example",
      "provider_name": "registry.terraform.io/hashicorp/aws",
      "change": {
        "actions": [
          "create"
        ],
        "before": null,
        "after": {
          "bucket": "tfedit-test",
          "policy": "{\n  \"Id\": \"Policy1446577137248\",\n  \"Statement\": [\n    {\n      \"Action\": \"s3:PutObject\",\n      \"Effect\": \"Allow\",\n      \"Principal\": {\n        \"AWS\": \"arn:aws:iam::123456789012:root\"\n      },\n      \"Resource\": \"arn:aws:s3:::example/*\",\n      \"Sid\": \"Stmt1446575236270\"\n    }\n  ],\n  \"Version\": \"2012-10-17\"\n}\n"
        },
        "after_unknown": {
          "id": true
        },
        "before_sensitive": false,
        "after_sensitive": {}
      }
    },
    {
      "address": "aws_s3_bucket_replication_configuration.example",
      "mode": "managed",
      "type": "aws_s3_bucket_replication_configuration",
      "name": "example",
      "provider_name": "registry.terraform.io/hashicorp/aws",
      "change": {
        "actions": [
          "create"
        ],
        "before": null,
        "after": {
          "bucket": "tfedit-test",
          "role": "arn:aws:iam::123456789012:role/tfedit-role",
          "rule": [
            {
              "delete_marker_replication": [
                {
                  "status": "Enabled"
                }
              ],
              "destination": [
                {
                  "access_control_translation": [],
                  "account": null,
                  "bucket": "arn:aws:s3:::tfedit-destination",
                  "encryption_configuration": [],
                  "metrics": [
                    {
                      "event_threshold": [
                        {
                          "minutes": 15
                        }
                      ],
                      "status": "Enabled"
                    }
                  ],
                  "replication_time": [
                    {
                      "status": "Enabled",
                      "time": [
                        {
                          "minutes": 15
                        }
                      ]
                    }
                  ],
                  "storage_class": "STANDARD"
                }
              ],
              "existing_object_replication": [],
              "filter": [
                {
                  "and": [],
                  "prefix": null,
                  "tag": []
                }
              ],
              "id": "foobar",
              "prefix": null,
              "priority": null,
              "source_selection_criteria": [],
              "status": "Enabled"
            }
          ],
          "token": null
        },
        "after_unknown": {
          "id": true,
          "rule": [
            {
              "delete_marker_replication": [
                {}
              ],
              "destination": [
                {
                  "access_control_translation": [],
                  "encryption_configuration": [],
                  "metrics": [
                    {
                      "event_threshold": [
                        {}
                      ]
                    }
                  ],
                  "replication_time": [
                    {
                      "time": [
                        {}
                      ]
                    }
                  ]
                }
              ],
              "existing_object_replication": [],
              "filter": [
                {
                  "and": [],
                  "tag": []
                }
              ],
              "source_selection_criteria": []
            }
          ]
        },
        "before_sensitive": false,
        "after_sensitive": {
          "rule": [
            {
              "delete_marker_replication": [
                {}
              ],
              "destination": [
                {
                  "access_control_translation": [],
                  "encryption_configuration": [],
                  "metrics": [
                    {
                      "event_threshold": [
                        {}
                      ]
                    }
                  ],
                  "replication_time": [
                    {
                      "time": [
                        {}
                      ]
                    }
                  ]
                }
              ],
              "existing_object_replication": [],
              "filter": [
                {
                  "and": [],
                  "tag": []
                }
              ],
              "source_selection_criteria": []
            }
          ],
          "token": true
        }
      }
    },
    {
      "address": "aws_s3_bucket_request_payment_configuration.example",
      "mode": "managed",
      "type": "aws_s3_bucket_request_payment_configuration",
      "name": "example",
      "provider_name": "registry.terraform.io/hashicorp/aws",
      "change": {
        "actions": [
          "create"
        ],
        "before": null,
        "after": {
          "bucket": "tfedit-test",
          "expected_bucket_owner": null,
          "payer": "Requester"
        },
        "after_unknown": {
          "id": true
        },
        "before_sensitive": false,
        "after_sensitive": {}
      }
    },
    {
      "address": "aws_s3_bucket_server_side_encryption_configuration.example",
      "mode": "managed",
      "type": "aws_s3_bucket_server_side_encryption_configuration",
      "name": "example",
      "provider_name": "registry.terraform.io/hashicorp/aws",
      "change": {
        "actions": [
          "create"
        ],
        "before": null,
        "after": {
          "bucket": "tfedit-test",
          "expected_bucket_owner": null,
          "rule": [
            {
              "apply_server_side_encryption_by_default": [
                {
                  "kms_master_key_id": "aws/s3",
                  "sse_algorithm": "aws:kms"
                }
              ],
              "bucket_key_enabled": null
            }
          ]
        },
        "after_unknown": {
          "id": true,
          "rule": [
            {
              "apply_server_side_encryption_by_default": [
                {}
              ]
            }
          ]
        },
        "before_sensitive": false,
        "after_sensitive": {
          "rule": [
            {
              "apply_server_side_encryption_by_default": [
                {}
              ]
            }
          ]
        }
      }
    },
    {
      "address": "aws_s3_bucket_versioning.example",
      "mode": "managed",
      "type": "aws_s3_bucket_versioning",
      "name": "example",
      "provider_name": "registry.terraform.io/hashicorp/aws",
      "change": {
        "actions": [
          "create"
        ],
        "before": null,
        "after": {
          "bucket": "tfedit-test",
          "expected_bucket_owner": null,
          "mfa": null,
          "versioning_configuration": [
            {
              "status": "Enabled"
            }
          ]
        },
        "after_unknown": {
          "id": true,
          "versioning_configuration": [
            {
              "mfa_delete": true
            }
          ]
        },
        "before_sensitive": false,
        "after_sensitive": {
          "versioning_configuration": [
            {}
          ]
        }
      }
    },
    {
      "address": "aws_s3_bucket_website_configuration.example",
      "mode": "managed",
      "type": "aws_s3_bucket_website_configuration",
      "name": "example",
      "provider_name": "registry.terraform.io/hashicorp/aws",
      "change": {
        "actions": [
          "create"
        ],
        "before": null,
        "after": {
          "bucket": "tfedit-test",
          "error_document": [
            {
              "key": "error.html"
            }
          ],
          "expected_bucket_owner": null,
          "index_document": [
            {
              "suffix": "index.html"
            }
          ],
          "redirect_all_requests_to": [],
          "routing_rule": []
        },
        "after_unknown": {
          "error_document": [
            {}
          ],
          "id": true,
          "index_document": [
            {}
          ],
          "redirect_all_requests_to": [],
          "routing_rule": [],
          "website_domain": true,
          "website_endpoint": true
        },
        "before_sensitive": false,
        "after_sensitive": {
          "error_document": [
            {}
          ],
          "index_document": [
            {}
          ],
          "redirect_all_requests_to": [],
          "routing_rule": []
        }
      }
    }
  ],
  "prior_state": {
    "format_version": "1.0",
    "terraform_version": "1.1.8",
    "values": {
      "root_module": {
        "resources": [
          {
            "address": "aws_s3_bucket.destination",
            "mode": "managed",
            "type": "aws_s3_bucket",
            "name": "destination",
            "provider_name": "registry.terraform.io/hashicorp/aws",
            "schema_version": 0,
            "values": {
              "acceleration_status": "",
              "acl": "private",
              "arn": "arn:aws:s3:::tfedit-destination",
              "bucket": "tfedit-destination",
              "bucket_domain_name": "tfedit-destination.s3.amazonaws.com",
              "bucket_prefix": null,
              "bucket_regional_domain_name": "tfedit-destination.s3.ap-northeast-1.amazonaws.com",
              "cors_rule": [],
              "force_destroy": false,
              "grant": [
                {
                  "id": "75aa57f09aa0c8caeab4f8c24e99d10f8e7faeebf76c078efc7c6caea54ba06a",
                  "permissions": [
                    "FULL_CONTROL"
                  ],
                  "type": "CanonicalUser",
                  "uri": ""
                }
              ],
              "hosted_zone_id": "Z2M4EHUR26P7ZW",
              "id": "tfedit-destination",
              "lifecycle_rule": [],
              "logging": [],
              "object_lock_configuration": [],
              "object_lock_enabled": false,
              "policy": "",
              "region": "ap-northeast-1",
              "replication_configuration": [],
              "request_payer": "BucketOwner",
              "server_side_encryption_configuration": [],
              "tags": {},
              "tags_all": {},
              "versioning": [
                {
                  "enabled": false,
                  "mfa_delete": false
                }
              ],
              "website": [],
              "website_domain": null,
              "website_endpoint": null
            },
            "sensitive_values": {
              "cors_rule": [],
              "grant": [
                {
                  "permissions": [
                    false
                  ]
                }
              ],
              "lifecycle_rule": [],
              "logging": [],
              "object_lock_configuration": [],
              "replication_configuration": [],
              "server_side_encryption_configuration": [],
              "tags": {},
              "tags_all": {},
              "versioning": [
                {}
              ],
              "website": []
            }
          },
          {
            "address": "aws_s3_bucket.example",
            "mode": "managed",
            "type": "aws_s3_bucket",
            "name": "example",
            "provider_name": "registry.terraform.io/hashicorp/aws",
            "schema_version": 0,
            "values": {
              "acceleration_status": "Enabled",
              "acl": "private",
              "arn": "arn:aws:s3:::tfedit-test",
              "bucket": "tfedit-test",
              "bucket_domain_name": "tfedit-test.s3.amazonaws.com",
              "bucket_prefix": null,
              "bucket_regional_domain_name": "tfedit-test.s3.ap-northeast-1.amazonaws.com",
              "cors_rule": [
                {
                  "allowed_headers": [
                    "*"
                  ],
                  "allowed_methods": [
                    "PUT",
                    "POST"
                  ],
                  "allowed_origins": [
                    "https://s3-website-test.hashicorp.com"
                  ],
                  "expose_headers": [
                    "ETag"
                  ],
                  "max_age_seconds": 3000
                }
              ],
              "force_destroy": false,
              "grant": [
                {
                  "id": "75aa57f09aa0c8caeab4f8c24e99d10f8e7faeebf76c078efc7c6caea54ba06a",
                  "permissions": [
                    "FULL_CONTROL"
                  ],
                  "type": "CanonicalUser",
                  "uri": ""
                }
              ],
              "hosted_zone_id": "Z2M4EHUR26P7ZW",
              "id": "tfedit-test",
              "lifecycle_rule": [
                {
                  "abort_incomplete_multipart_upload_days": 0,
                  "enabled": true,
                  "expiration": [],
                  "id": "Keep previous version 30 days, then in Glacier another 60",
                  "noncurrent_version_expiration": [
                    {
                      "days": 90
                    }
                  ],
                  "noncurrent_version_transition": [
                    {
                      "days": 30,
                      "storage_class": "GLACIER"
                    }
                  ],
                  "prefix": "",
                  "tags": {},
                  "transition": []
                },
                {
                  "abort_incomplete_multipart_upload_days": 7,
                  "enabled": true,
                  "expiration": [],
                  "id": "Delete old incomplete multi-part uploads",
                  "noncurrent_version_expiration": [],
                  "noncurrent_version_transition": [],
                  "prefix": "",
                  "tags": {},
                  "transition": []
                }
              ],
              "logging": [
                {
                  "target_bucket": "tfedit-log",
                  "target_prefix": "log/"
                }
              ],
              "object_lock_configuration": [
                {
                  "object_lock_enabled": "Enabled",
                  "rule": [
                    {
                      "default_retention": [
                        {
                          "days": 3,
                          "mode": "COMPLIANCE",
                          "years": 0
                        }
                      ]
                    }
                  ]
                }
              ],
              "object_lock_enabled": true,
              "policy": "{\"Id\":\"Policy1446577137248\",\"Statement\":[{\"Action\":\"s3:PutObject\",\"Effect\":\"Allow\",\"Principal\":{\"AWS\":\"arn:aws:iam::123456789012:root\"},\"Resource\":\"arn:aws:s3:::example/*\",\"Sid\":\"Stmt1446575236270\"}],\"Version\":\"2012-10-17\"}",
              "region": "ap-northeast-1",
              "replication_configuration": [
                {
                  "role": "arn:aws:iam::123456789012:role/tfedit-role",
                  "rules": [
                    {
                      "delete_marker_replication_status": "Enabled",
                      "destination": [
                        {
                          "access_control_translation": [],
                          "account_id": "",
                          "bucket": "arn:aws:s3:::tfedit-destination",
                          "metrics": [
                            {
                              "minutes": 15,
                              "status": "Enabled"
                            }
                          ],
                          "replica_kms_key_id": "",
                          "replication_time": [
                            {
                              "minutes": 15,
                              "status": "Enabled"
                            }
                          ],
                          "storage_class": "STANDARD"
                        }
                      ],
                      "filter": [
                        {
                          "prefix": "",
                          "tags": {}
                        }
                      ],
                      "id": "foobar",
                      "prefix": "",
                      "priority": 0,
                      "source_selection_criteria": [],
                      "status": "Enabled"
                    }
                  ]
                }
              ],
              "request_payer": "Requester",
              "server_side_encryption_configuration": [
                {
                  "rule": [
                    {
                      "apply_server_side_encryption_by_default": [
                        {
                          "kms_master_key_id": "aws/s3",
                          "sse_algorithm": "aws:kms"
                        }
                      ],
                      "bucket_key_enabled": false
                    }
                  ]
                }
              ],
              "tags": {},
              "tags_all": {},
              "versioning": [
                {
                  "enabled": true,
                  "mfa_delete": false
                }
              ],
              "website": [
                {
                  "error_document": "error.html",
                  "index_document": "index.html",
                  "redirect_all_requests_to": "",
                  "routing_rules": ""
                }
              ],
              "website_domain": "s3-website-ap-northeast-1.amazonaws.com",
              "website_endpoint": "tfedit-test.s3-website-ap-northeast-1.amazonaws.com"
            },
            "sensitive_values": {
              "cors_rule": [
                {
                  "allowed_headers": [
                    false
                  ],
                  "allowed_methods": [
                    false,
                    false
                  ],
                  "allowed_origins": [
                    false
                  ],
                  "expose_headers": [
                    false
                  ]
                }
              ],
              "grant": [
                {
                  "permissions": [
                    false
                  ]
                }
              ],
              "lifecycle_rule": [
                {
                  "expiration": [],
                  "noncurrent_version_expiration": [
                    {}
                  ],
                  "noncurrent_version_transition": [
                    {}
                  ],
                  "tags": {},
                  "transition": []
                },
                {
                  "expiration": [],
                  "noncurrent_version_expiration": [],
                  "noncurrent_version_transition": [],
                  "tags": {},
                  "transition": []
                }
              ],
              "logging": [
                {}
              ],
              "object_lock_configuration": [
                {
                  "rule": [
                    {
                      "default_retention": [
                        {}
                      ]
                    }
                  ]
                }
              ],
              "replication_configuration": [
                {
                  "rules": [
                    {
                      "destination": [
                        {
                          "access_control_translation": [],
                          "metrics": [
                            {}
                          ],
                          "replication_time": [
                            {}
                          ]
                        }
                      ],
                      "filter": [
                        {
                          "tags": {}
                        }
                      ],
                      "source_selection_criteria": []
                    }
                  ]
                }
              ],
              "server_side_encryption_configuration": [
                {
                  "rule": [
                    {
                      "apply_server_side_encryption_by_default": [
                        {}
                      ]
                    }
                  ]
                }
              ],
              "tags": {},
              "tags_all": {},
              "versioning": [
                {}
              ],
              "website": [
                {}
              ]
            }
          },
          {
            "address": "aws_s3_bucket.log",
            "mode": "managed",
            "type": "aws_s3_bucket",
            "name": "log",
            "provider_name": "registry.terraform.io/hashicorp/aws",
            "schema_version": 0,
            "values": {
              "acceleration_status": "",
              "acl": "log-delivery-write",
              "arn": "arn:aws:s3:::tfedit-log",
              "bucket": "tfedit-log",
              "bucket_domain_name": "tfedit-log.s3.amazonaws.com",
              "bucket_prefix": null,
              "bucket_regional_domain_name": "tfedit-log.s3.ap-northeast-1.amazonaws.com",
              "cors_rule": [],
              "force_destroy": false,
              "grant": [
                {
                  "id": "",
                  "permissions": [
                    "WRITE"
                  ],
                  "type": "Group",
                  "uri": "http://acs.amazonaws.com/groups/s3/LogDelivery"
                },
                {
                  "id": "75aa57f09aa0c8caeab4f8c24e99d10f8e7faeebf76c078efc7c6caea54ba06a",
                  "permissions": [
                    "FULL_CONTROL"
                  ],
                  "type": "CanonicalUser",
                  "uri": ""
                }
              ],
              "hosted_zone_id": "Z2M4EHUR26P7ZW",
              "id": "tfedit-log",
              "lifecycle_rule": [],
              "logging": [],
              "object_lock_configuration": [],
              "object_lock_enabled": false,
              "policy": "",
              "region": "ap-northeast-1",
              "replication_configuration": [],
              "request_payer": "BucketOwner",
              "server_side_encryption_configuration": [],
              "tags": {},
              "tags_all": {},
              "versioning": [
                {
                  "enabled": false,
                  "mfa_delete": false
                }
              ],
              "website": [],
              "website_domain": null,
              "website_endpoint": null
            },
            "sensitive_values": {
              "cors_rule": [],
              "grant": [
                {
                  "permissions": [
                    false
                  ]
                },
                {
                  "permissions": [
                    false
                  ]
                }
              ],
              "lifecycle_rule": [],
              "logging": [],
              "object_lock_configuration": [],
              "replication_configuration": [],
              "server_side_encryption_configuration": [],
              "tags": {},
              "tags_all": {},
              "versioning": [
                {}
              ],
              "website": []
            }
          }
        ]
      }
    }
  },
  "configuration": {
    "provider_config": {
      "aws": {
        "name": "aws",
        "version_constraint": "~> 4.9",
        "expressions": {
          "access_key": {
            "constant_value": "dummy"
          },
          "endpoints": [
            {
              "s3": {
                "constant_value": "http://localstack:4566"
              }
            }
          ],
          "region": {
            "constant_value": "ap-northeast-1"
          },
          "s3_use_path_style": {
            "constant_value": true
          },
          "secret_key": {
            "constant_value": "dummy"
          },
          "skip_credentials_validation": {
            "constant_value": true
          },
          "skip_metadata_api_check": {
            "constant_value": true
          },
          "skip_region_validation": {
            "constant_value": true
          },
          "skip_requesting_account_id": {
            "constant_value": true
          }
        }
      }
    },
    "root_module": {
      "resources": [
        {
          "address": "aws_s3_bucket.destination",
          "mode": "managed",
          "type": "aws_s3_bucket",
          "name": "destination",
          "provider_config_key": "aws",
          "expressions": {
            "bucket": {
              "constant_value": "tfedit-destination"
            }
          },
          "schema_version": 0
        },
        {
          "address": "aws_s3_bucket.example",
          "mode": "managed",
          "type": "aws_s3_bucket",
          "name": "example",
          "provider_config_key": "aws",
          "expressions": {
            "bucket": {
              "constant_value": "tfedit-test"
            },
            "object_lock_enabled": {
              "constant_value": true
            }
          },
          "schema_version": 0
        },
        {
          "address": "aws_s3_bucket.log",
          "mode": "managed",
          "type": "aws_s3_bucket",
          "name": "log",
          "provider_config_key": "aws",
          "expressions": {
            "bucket": {
              "constant_value": "tfedit-log"
            }
          },
          "schema_version": 0
        },
        {
          "address": "aws_s3_bucket_accelerate_configuration.example",
          "mode": "managed",
          "type": "aws_s3_bucket_accelerate_configuration",
          "name": "example",
          "provider_config_key": "aws",
          "expressions": {
            "bucket": {
              "references": [
                "aws_s3_bucket.example.id",
                "aws_s3_bucket.example"
              ]
            },
            "status": {
              "constant_value": "Enabled"
            }
          },
          "schema_version": 0
        },
        {
          "address": "aws_s3_bucket_acl.example",
          "mode": "managed",
          "type": "aws_s3_bucket_acl",
          "name": "example",
          "provider_config_key": "aws",
          "expressions": {
            "acl": {
              "constant_value": "private"
            },
            "bucket": {
              "references": [
                "aws_s3_bucket.example.id",
                "aws_s3_bucket.example"
              ]
            }
          },
          "schema_version": 0
        },
        {
          "address": "aws_s3_bucket_acl.log",
          "mode": "managed",
          "type": "aws_s3_bucket_acl",
          "name": "log",
          "provider_config_key": "aws",
          "expressions": {
            "acl": {
              "constant_value": "log-delivery-write"
            },
            "bucket": {
              "references": [
                "aws_s3_bucket.log.id",
                "aws_s3_bucket.log"
              ]
            }
          },
          "schema_version": 0
        },
        {
          "address": "aws_s3_bucket_cors_configuration.example",
          "mode": "managed",
          "type": "aws_s3_bucket_cors_configuration",
          "name": "example",
          "provider_config_key": "aws",
          "expressions": {
            "bucket": {
              "references": [
                "aws_s3_bucket.example.id",
                "aws_s3_bucket.example"
              ]
            },
            "cors_rule": [
              {
                "allowed_headers": {
                  "constant_value": [
                    "*"
                  ]
                },
                "allowed_methods": {
                  "constant_value": [
                    "PUT",
                    "POST"
                  ]
                },
                "allowed_origins": {
                  "constant_value": [
                    "https://s3-website-test.hashicorp.com"
                  ]
                },
                "expose_headers": {
                  "constant_value": [
                    "ETag"
                  ]
                },
                "max_age_seconds": {
                  "constant_value": 3000
                }
              }
            ]
          },
          "schema_version": 0
        },
        {
          "address": "aws_s3_bucket_lifecycle_configuration.example",
          "mode": "managed",
          "type": "aws_s3_bucket_lifecycle_configuration",
          "name": "example",
          "provider_config_key": "aws",
          "expressions": {
            "bucket": {
              "references": [
                "aws_s3_bucket.example.id",
                "aws_s3_bucket.example"
              ]
            },
            "rule": [
              {
                "filter": [
                  {
                    "prefix": {
                      "constant_value": ""
                    }
                  }
                ],
                "id": {
                  "constant_value": "Keep previous version 30 days, then in Glacier another 60"
                },
                "noncurrent_version_expiration": [
                  {
                    "noncurrent_days": {
                      "constant_value": 90
                    }
                  }
                ],
                "noncurrent_version_transition": [
                  {
                    "noncurrent_days": {
                      "constant_value": 30
                    },
                    "storage_class": {
                      "constant_value": "GLACIER"
                    }
                  }
                ],
                "status": {
                  "constant_value": "Enabled"
                }
              },
              {
                "abort_incomplete_multipart_upload": [
                  {
                    "days_after_initiation": {
                      "constant_value": 7
                    }
                  }
                ],
                "filter": [
                  {
                    "prefix": {
                      "constant_value": ""
                    }
                  }
                ],
                "id": {
                  "constant_value": "Delete old incomplete multi-part uploads"
                },
                "status": {
                  "constant_value": "Enabled"
                }
              }
            ]
          },
          "schema_version": 0
        },
        {
          "address": "aws_s3_bucket_logging.example",
          "mode": "managed",
          "type": "aws_s3_bucket_logging",
          "name": "example",
          "provider_config_key": "aws",
          "expressions": {
            "bucket": {
              "references": [
                "aws_s3_bucket.example.id",
                "aws_s3_bucket.example"
              ]
            },
            "target_bucket": {
              "references": [
                "aws_s3_bucket.log.id",
                "aws_s3_bucket.log"
              ]
            },
            "target_prefix": {
              "constant_value": "log/"
            }
          },
          "schema_version": 0
        },
        {
          "address": "aws_s3_bucket_object_lock_configuration.example",
          "mode": "managed",
          "type": "aws_s3_bucket_object_lock_configuration",
          "name": "example",
          "provider_config_key": "aws",
          "expressions": {
            "bucket": {
              "references": [
                "aws_s3_bucket.example.id",
                "aws_s3_bucket.example"
              ]
            },
            "rule": [
              {
                "default_retention": [
                  {
                    "days": {
                      "constant_value": 3
                    },
                    "mode": {
                      "constant_value": "COMPLIANCE"
                    }
                  }
                ]
              }
            ]
          },
          "schema_version": 0
        },
        {
          "address": "aws_s3_bucket_policy.example",
          "mode": "managed",
          "type": "aws_s3_bucket_policy",
          "name": "example",
          "provider_config_key": "aws",
          "expressions": {
            "bucket": {
              "references": [
                "aws_s3_bucket.example.id",
                "aws_s3_bucket.example"
              ]
            },
            "policy": {
              "constant_value": "{\n  \"Id\": \"Policy1446577137248\",\n  \"Statement\": [\n    {\n      \"Action\": \"s3:PutObject\",\n      \"Effect\": \"Allow\",\n      \"Principal\": {\n        \"AWS\": \"arn:aws:iam::123456789012:root\"\n      },\n      \"Resource\": \"arn:aws:s3:::example/*\",\n      \"Sid\": \"Stmt1446575236270\"\n    }\n  ],\n  \"Version\": \"2012-10-17\"\n}\n"
            }
          },
          "schema_version": 0
        },
        {
          "address": "aws_s3_bucket_replication_configuration.example",
          "mode": "managed",
          "type": "aws_s3_bucket_replication_configuration",
          "name": "example",
          "provider_config_key": "aws",
          "expressions": {
            "bucket": {
              "references": [
                "aws_s3_bucket.example.id",
                "aws_s3_bucket.example"
              ]
            },
            "role": {
              "constant_value": "arn:aws:iam::123456789012:role/tfedit-role"
            },
            "rule": [
              {
                "delete_marker_replication": [
                  {
                    "status": {
                      "constant_value": "Enabled"
                    }
                  }
                ],
                "destination": [
                  {
                    "bucket": {
                      "references": [
                        "aws_s3_bucket.destination.arn",
                        "aws_s3_bucket.destination"
                      ]
                    },
                    "metrics": [
                      {
                        "event_threshold": [
                          {
                            "minutes": {
                              "constant_value": 15
                            }
                          }
                        ],
                        "status": {
                          "constant_value": "Enabled"
                        }
                      }
                    ],
                    "replication_time": [
                      {
                        "status": {
                          "constant_value": "Enabled"
                        },
                        "time": [
                          {
                            "minutes": {
                              "constant_value": 15
                            }
                          }
                        ]
                      }
                    ],
                    "storage_class": {
                      "constant_value": "STANDARD"
                    }
                  }
                ],
                "filter": [
                  {}
                ],
                "id": {
                  "constant_value": "foobar"
                },
                "status": {
                  "constant_value": "Enabled"
                }
              }
            ]
          },
          "schema_version": 0
        },
        {
          "address": "aws_s3_bucket_request_payment_configuration.example",
          "mode": "managed",
          "type": "aws_s3_bucket_request_payment_configuration",
          "name": "example",
          "provider_config_key": "aws",
          "expressions": {
            "bucket": {
              "references": [
                "aws_s3_bucket.example.id",
                "aws_s3_bucket.example"
              ]
            },
            "payer": {
              "constant_value": "Requester"
            }
          },
          "schema_version": 0
        },
        {
          "address": "aws_s3_bucket_server_side_encryption_configuration.example",
          "mode": "managed",
          "type": "aws_s3_bucket_server_side_encryption_configuration",
          "name": "example",
          "provider_config_key": "aws",
          "expressions": {
            "bucket": {
              "references": [
                "aws_s3_bucket.example.id",
                "aws_s3_bucket.example"
              ]
            },
            "rule": [
              {
                "apply_server_side_encryption_by_default": [
                  {
                    "kms_master_key_id": {
                      "constant_value": "aws/s3"
                    },
                    "sse_algorithm": {
                      "constant_value": "aws:kms"
                    }
                  }
                ]
              }
            ]
          },
          "schema_version": 0
        },
        {
          "address": "aws_s3_bucket_versioning.example",
          "mode": "managed",
          "type": "aws_s3_bucket_versioning",
          "name": "example",
          "provider_config_key": "aws",
          "expressions": {
            "bucket": {
              "references": [
                "aws_s3_bucket.example.id",
                "aws_s3_bucket.example"
              ]
            },
            "versioning_configuration": [
              {
                "status": {
                  "constant_value": "Enabled"
                }
              }
            ]
          },
          "schema_version": 0
        },
        {
          "address": "aws_s3_bucket_website_configuration.example",
          "mode": "managed",
          "type": "aws_s3_bucket_website_configuration",
          "name": "example",
          "provider_config_key": "aws",
          "expressions": {
            "bucket": {
              "references": [
                "aws_s3_bucket.example.id",
                "aws_s3_bucket.example"
              ]
            },
            "error_document": [
              {
                "key": {
                  "constant_value": "error.html"
                }
              }
            ],
            "index_document": [
              {
                "suffix": {
                  "constant_value": "index.html"
                }
              }
            ]
          },
          "schema_version": 0
        }
      ]
    }
  }
}
